
Microsoft Visual Studio Solution File, Format Version 12.00
# Visual Studio Version 16
VisualStudioVersion = 16.0.28902.138
MinimumVisualStudioVersion = 10.0.40219.1
Project("{FAE04EC0-301F-11D3-BF4B-00C04F79EFBC}") = "grpcWebDemo", "src\grpcNetCoreServer\grpcWebDemo.csproj", "{483836B0-210B-4B42-8643-FF2069371A12}"
EndProject
Global
	GlobalSection(SolutionConfigurationPlatforms) = preSolution
		Debug|Any CPU = Debug|Any CPU
		Release|Any CPU = Release|Any CPU
	EndGlobalSection
	GlobalSection(ProjectConfigurationPlatforms) = postSolution
		{483836B0-210B-4B42-8643-FF2069371A12}.Debug|Any CPU.ActiveCfg = Debug|Any CPU
		{483836B0-210B-4B42-8643-FF2069371A12}.Debug|Any CPU.Build.0 = Debug|Any CPU
		{483836B0-210B-4B42-8643-FF2069371A12}.Release|Any CPU.ActiveCfg = Release|Any CPU
		{483836B0-210B-4B42-8643-FF2069371A12}.Release|Any CPU.Build.0 = Release|Any CPU
	EndGlobalSection
	GlobalSection(SolutionProperties) = preSolution
		HideSolutionNode = FALSE
	EndGlobalSection
	GlobalSection(ExtensibilityGlobals) = postSolution
		SolutionGuid = {3E9D6F73-30C2-4EB4-9FE4-2E6B741A22EE}
	EndGlobalSection
EndGlobal
